plane:
  backend: sha256:2cdcb5f778c6ccacebce0e5a751d39fac4a549a44e049a5b110a7623cfdad139
  frontend: sha256:c178fd85c4588165262cfe748bd103fdeccebbbab827c53e71b9ce32fff84f86
  space: sha256:e08c2c8741ae6f81a9326dc9201e7e09c0c411b87a20198f9ea9e5cf2fae3488
  admin: sha256:ff9219127a2c2c4a4bb066d6a0e25a5fc6a11204cf8484b521dada53d696fe43
  live: sha256:2073b6950a394545ea1db6ed4157e951ad5a6e1881e74f4f9238ace6c35bbf3d
  proxy: sha256:b4f8bb6998052dcd1488171a90d473674cefbc6ec77114d5095b48c805f4ad27
postgres: sha256:468d34fefd6338031787c7b8e94078975b3aaf4d66c7ead25c39cd3ba46a15c6
valkey: sha256:10328d00120dc14fbc87b2ed61b7677ddbb0d011e705361b4788329a0ec69a93
rabbitmq: sha256:611107e29cce05c2acd968325d5dcbde7e2fee404970f1ead75fdb22be2821b3
seaweedfs: sha256:c7d6c721b30ae711db766bbbfd40192776e263d4e51e22f57baef7bef93c12c6
